// !$*UTF8*$!
{
	archiveVersion = 1;
	classes = {
	};
	objectVersion = 46;
	objects = {

/* Begin PBXBuildFile section */
		50009885239CF36F005AB2CC /* AppDelegate.swift in Sources */ = {isa = PBXBuildFile; fileRef = 50009884239CF36F005AB2CC /* AppDelegate.swift */; };
		50009887239CF36F005AB2CC /* ViewController.swift in Sources */ = {isa = PBXBuildFile; fileRef = 50009886239CF36F005AB2CC /* ViewController.swift */; };
		5000988A239CF36F005AB2CC /* Main.storyboard in Resources */ = {isa = PBXBuildFile; fileRef = 50009888239CF36F005AB2CC /* Main.storyboard */; };
		5000988C239CF36F005AB2CC /* Assets.xcassets in Resources */ = {isa = PBXBuildFile; fileRef = 5000988B239CF36F005AB2CC /* Assets.xcassets */; };
		5000988F239CF36F005AB2CC /* LaunchScreen.storyboard in Resources */ = {isa = PBXBuildFile; fileRef = 5000988D239CF36F005AB2CC /* LaunchScreen.storyboard */; };
		50009897239CF493005AB2CC /* UserHomeViewController.swift in Sources */ = {isa = PBXBuildFile; fileRef = 50009896239CF493005AB2CC /* UserHomeViewController.swift */; };
		50009899239CF4FA005AB2CC /* DonorLoginViewController.swift in Sources */ = {isa = PBXBuildFile; fileRef = 50009898239CF4FA005AB2CC /* DonorLoginViewController.swift */; };
		5000989B239CF592005AB2CC /* RegisterViewController.swift in Sources */ = {isa = PBXBuildFile; fileRef = 5000989A239CF592005AB2CC /* RegisterViewController.swift */; };
		5000989D239CF709005AB2CC /* DonorHomeViewController.swift in Sources */ = {isa = PBXBuildFile; fileRef = 5000989C239CF709005AB2CC /* DonorHomeViewController.swift */; };
/* End PBXBuildFile section */

/* Begin PBXFileReference section */
		50009881239CF36F005AB2CC /* BloodDonorDemo1.app */ = {isa = PBXFileReference; explicitFileType = wrapper.application; includeInIndex = 0; path = BloodDonorDemo1.app; sourceTree = BUILT_PRODUCTS_DIR; };
		50009884239CF36F005AB2CC /* AppDelegate.swift */ = {isa = PBXFileReference; lastKnownFileType = sourcecode.swift; path = AppDelegate.swift; sourceTree = "<group>"; };
		50009886239CF36F005AB2CC /* ViewController.swift */ = {isa = PBXFileReference; lastKnownFileType = sourcecode.swift; path = ViewController.swift; sourceTree = "<group>"; };
		50009889239CF36F005AB2CC /* Base */ = {isa = PBXFileReference; lastKnownFileType = file.storyboard; name = Base; path = Base.lproj/Main.storyboard; sourceTree = "<group>"; };
		5000988B239CF36F005AB2CC /* Assets.xcassets */ = {isa = PBXFileReference; lastKnownFileType = folder.assetcatalog; path = Assets.xcassets; sourceTree = "<group>"; };
		5000988E239CF36F005AB2CC /* Base */ = {isa = PBXFileReference; lastKnownFileType = file.storyboard; name = Base; path = Base.lproj/LaunchScreen.storyboard; sourceTree = "<group>"; };
		50009890239CF36F005AB2CC /* Info.plist */ = {isa = PBXFileReference; lastKnownFileType = text.plist.xml; path = Info.plist; sourceTree = "<group>"; };
		50009896239CF493005AB2CC /* UserHomeViewController.swift */ = {isa = PBXFileReference; fileEncoding = 4; lastKnownFileType = sourcecode.swift; path = UserHomeViewController.swift; sourceTree = "<group>"; };
		50009898239CF4FA005AB2CC /* DonorLoginViewController.swift */ = {isa = PBXFileReference; fileEncoding = 4; lastKnownFileType = sourcecode.swift; path = DonorLoginViewController.swift; sourceTree = "<group>"; };
		5000989A239CF592005AB2CC /* RegisterViewController.swift */ = {isa = PBXFileReference; fileEncoding = 4; lastKnownFileType = sourcecode.swift; path = RegisterViewController.swift; sourceTree = "<group>"; };
		5000989C239CF709005AB2CC /* DonorHomeViewController.swift */ = {isa = PBXFileReference; fileEncoding = 4; lastKnownFileType = sourcecode.swift; path = DonorHomeViewController.swift; sourceTree = "<group>"; };
/* End PBXFileReference section */

/* Begin PBXFrameworksBuildPhase section */
		5000987E239CF36F005AB2CC /* Frameworks */ = {
			isa = PBXFrameworksBuildPhase;
			buildActionMask = 2147483647;
			files = (
			);
			runOnlyForDeploymentPostprocessing = 0;
		};
/* End PBXFrameworksBuildPhase section */

/* Begin PBXGroup section */
		50009878239CF36F005AB2CC = {
			isa = PBXGroup;
			children = (
				50009883239CF36F005AB2CC /* BloodDonorDemo1 */,
				50009882239CF36F005AB2CC /* Products */,
			);
			sourceTree = "<group>";
		};
		50009882239CF36F005AB2CC /* Products */ = {
			isa = PBXGroup;
			children = (
				50009881239CF36F005AB2CC /* BloodDonorDemo1.app */,
			);
			name = Products;
			sourceTree = "<group>";
		};
		50009883239CF36F005AB2CC /* BloodDonorDemo1 */ = {
			isa = PBXGroup;
			children = (
				50009884239CF36F005AB2CC /* AppDelegate.swift */,
				50009886239CF36F005AB2CC /* ViewController.swift */,
				50009888239CF36F005AB2CC /* Main.storyboard */,
				5000988B239CF36F005AB2CC /* Assets.xcassets */,
				5000988D239CF36F005AB2CC /* LaunchScreen.storyboard */,
				50009890239CF36F005AB2CC /* Info.plist */,
				50009896239CF493005AB2CC /* UserHomeViewController.swift */,
				50009898239CF4FA005AB2CC /* DonorLoginViewController.swift */,
				5000989A239CF592005AB2CC /* RegisterViewController.swift */,
				5000989C239CF709005AB2CC /* DonorHomeViewController.swift */,
			);
			path = BloodDonorDemo1;
			sourceTree = "<group>";
		};
/* End PBXGroup section */

/* Begin PBXNativeTarget section */
		50009880239CF36F005AB2CC /* BloodDonorDemo1 */ = {
			isa = PBXNativeTarget;
			buildConfigurationList = 50009893239CF36F005AB2CC /* Build configuration list for PBXNativeTarget "BloodDonorDemo1" */;
			buildPhases = (
				5000987D239CF36F005AB2CC /* Sources */,
				5000987E239CF36F005AB2CC /* Frameworks */,
				5000987F239CF36F005AB2CC /* Resources */,
			);
			buildRules = (
			);
			dependencies = (
			);
			name = BloodDonorDemo1;
			productName = BloodDonorDemo1;
			productReference = 50009881239CF36F005AB2CC /* BloodDonorDemo1.app */;
			productType = "com.apple.product-type.application";
		};
/* End PBXNativeTarget section */

/* Begin PBXProject section */
		50009879239CF36F005AB2CC /* Project object */ = {
			isa = PBXProject;
			attributes = {
				LastSwiftUpdateCheck = 0830;
				LastUpgradeCheck = 0830;
				ORGANIZATIONNAME = Kuet;
				TargetAttributes = {
					50009880239CF36F005AB2CC = {
						CreatedOnToolsVersion = 8.3.3;
						ProvisioningStyle = Automatic;
					};
				};
			};
			buildConfigurationList = 5000987C239CF36F005AB2CC /* Build configuration list for PBXProject "BloodDonorDemo1" */;
			compatibilityVersion = "Xcode 3.2";
			developmentRegion = English;
			hasScannedForEncodings = 0;
			knownRegions = (
				en,
				Base,
			);
			mainGroup = 50009878239CF36F005AB2CC;
			productRefGroup = 50009882239CF36F005AB2CC /* Products */;
			projectDirPath = "";
			projectRoot = "";
			targets = (
				50009880239CF36F005AB2CC /* BloodDonorDemo1 */,
			);
		};
/* End PBXProject section */

/* Begin PBXResourcesBuildPhase section */
		5000987F239CF36F005AB2CC /* Resources */ = {
			isa = PBXResourcesBuildPhase;
			buildActionMask = 2147483647;
			files = (
				5000988F239CF36F005AB2CC /* LaunchScreen.storyboard in Resources */,
				5000988C239CF36F005AB2CC /* Assets.xcassets in Resources */,
				5000988A239CF36F005AB2CC /* Main.storyboard in Resources */,
			);
			runOnlyForDeploymentPostprocessing = 0;
		};
/* End PBXResourcesBuildPhase section */

/* Begin PBXSourcesBuildPhase section */
		5000987D239CF36F005AB2CC /* Sources */ = {
			isa = PBXSourcesBuildPhase;
			buildActionMask = 2147483647;
			files = (
				5000989D239CF709005AB2CC /* DonorHomeViewController.swift in Sources */,
				50009897239CF493005AB2CC /* UserHomeViewController.swift in Sources */,
				5000989B239CF592005AB2CC /* RegisterViewController.swift in Sources */,
				50009887239CF36F005AB2CC /* ViewController.swift in Sources */,
				50009885239CF36F005AB2CC /* AppDelegate.swift in Sources */,
				50009899239CF4FA005AB2CC /* DonorLoginViewController.swift in Sources */,
			);
			runOnlyForDeploymentPostprocessing = 0;
		};
/* End PBXSourcesBuildPhase section */

/* Begin PBXVariantGroup section */
		50009888239CF36F005AB2CC /* Main.storyboard */ = {
			isa = PBXVariantGroup;
			children = (
				50009889239CF36F005AB2CC /* Base */,
			);
			name = Main.storyboard;
			sourceTree = "<group>";
		};
		5000988D239CF36F005AB2CC /* LaunchScreen.storyboard */ = {
			isa = PBXVariantGroup;
			children = (
				5000988E239CF36F005AB2CC /* Base */,
			);
			name = LaunchScreen.storyboard;
			sourceTree = "<group>";
		};
/* End PBXVariantGroup section */

/* Begin XCBuildConfiguration section */
		50009891239CF36F005AB2CC /* Debug */ = {
			isa = XCBuildConfiguration;
			buildSettings = {
				ALWAYS_SEARCH_USER_PATHS = NO;
				CLANG_ANALYZER_NONNULL = YES;
				CLANG_ANALYZER_NUMBER_OBJECT_CONVERSION = YES_AGGRESSIVE;
				CLANG_CXX_LANGUAGE_STANDARD = "gnu++0x";
				CLANG_CXX_LIBRARY = "libc++";
				CLANG_ENABLE_MODULES = YES;
				CLANG_ENABLE_OBJC_ARC = YES;
				CLANG_WARN_BOOL_CONVERSION = YES;
				CLANG_WARN_CONSTANT_CONVERSION = YES;
				CLANG_WARN_DIRECT_OBJC_ISA_USAGE = YES_ERROR;
				CLANG_WARN_DOCUMENTATION_COMMENTS = YES;
				CLANG_WARN_EMPTY_BODY = YES;
				CLANG_WARN_ENUM_CONVERSION = YES;
				CLANG_WARN_INFINITE_RECURSION = YES;
				CLANG_WARN_INT_CONVERSION = YES;
				CLANG_WARN_OBJC_ROOT_CLASS = YES_ERROR;
				CLANG_WARN_SUSPICIOUS_MOVE = YES;
				CLANG_WARN_UNREACHABLE_CODE = YES;
				CLANG_WARN__DUPLICATE_METHOD_MATCH = YES;
				"CODE_SIGN_IDENTITY[sdk=iphoneos*]" = "iPhone Developer";
				COPY_PHASE_STRIP = NO;
				DEBUG_INFORMATION_FORMAT = dwarf;
				ENABLE_STRICT_OBJC_MSGSEND = YES;
				ENABLE_TESTABILITY = YES;
				GCC_C_LANGUAGE_STANDARD = gnu99;
				GCC_DYNAMIC_NO_PIC = NO;
				GCC_NO_COMMON_BLOCKS = YES;
				GCC_OPTIMIZATION_LEVEL = 0;
				GCC_PREPROCESSOR_DEFINITIONS = (
					"DEBUG=1",
					"$(inherited)",
				);
				GCC_WARN_64_TO_32_BIT_CONVERSION = YES;
				GCC_WARN_ABOUT_RETURN_TYPE = YES_ERROR;
				GCC_WARN_UNDECLARED_SELECTOR = YES;
				GCC_WARN_UNINITIALIZED_AUTOS = YES_AGGRESSIVE;
				GCC_WARN_UNUSED_FUNCTION = YES;
				GCC_WARN_UNUSED_VARIABLE = YES;
				IPHONEOS_DEPLOYMENT_TARGET = 10.3;
				MTL_ENABLE_DEBUG_INFO = YES;
				ONLY_ACTIVE_ARCH = YES;
				SDKROOT = iphoneos;
				SWIFT_ACTIVE_COMPILATION_CONDITIONS = DEBUG;
				SWIFT_OPTIMIZATION_LEVEL = "-Onone";
			};
			name = Debug;
		};
		50009892239CF36F005AB2CC /* Release */ = {
			isa = XCBuildConfiguration;
			buildSettings = {
				ALWAYS_SEARCH_USER_PATHS = NO;
				CLANG_ANALYZER_NONNULL = YES;
				CLANG_ANALYZER_NUMBER_OBJECT_CONVERSION = YES_AGGRESSIVE;
				CLANG_CXX_LANGUAGE_STANDARD = "gnu++0x";
				CLANG_CXX_LIBRARY = "libc++";
				CLANG_ENABLE_MODULES = YES;
				CLANG_ENABLE_OBJC_ARC = YES;
				CLANG_WARN_BOOL_CONVERSION = YES;
				CLANG_WARN_CONSTANT_CONVERSION = YES;
				CLANG_WARN_DIRECT_OBJC_ISA_USAGE = YES_ERROR;
				CLANG_WARN_DOCUMENTATION_COMMENTS = YES;
				CLANG_WARN_EMPTY_BODY = YES;
				CLANG_WARN_ENUM_CONVERSION = YES;
				CLANG_WARN_INFINITE_RECURSION = YES;
				CLANG_WARN_INT_CONVERSION = YES;
				CLANG_WARN_OBJC_ROOT_CLASS = YES_ERROR;
				CLANG_WARN_SUSPICIOUS_MOVE = YES;
				CLANG_WARN_UNREACHABLE_CODE = YES;
				CLANG_WARN__DUPLICATE_METHOD_MATCH = YES;
				"CODE_SIGN_IDENTITY[sdk=iphoneos*]" = "iPhone Developer";
				COPY_PHASE_STRIP = NO;
				DEBUG_INFORMATION_FORMAT = "dwarf-with-dsym";
				ENABLE_NS_ASSERTIONS = NO;
				ENABLE_STRICT_OBJC_MSGSEND = YES;
				GCC_C_LANGUAGE_STANDARD = gnu99;
				GCC_NO_COMMON_BLOCKS = YES;
				GCC_WARN_64_TO_32_BIT_CONVERSION = YES;
				GCC_WARN_ABOUT_RETURN_TYPE = YES_ERROR;
				GCC_WARN_UNDECLARED_SELECTOR = YES;
				GCC_WARN_UNINITIALIZED_AUTOS = YES_AGGRESSIVE;
				GCC_WARN_UNUSED_FUNCTION = YES;
				GCC_WARN_UNUSED_VARIABLE = YES;
				IPHONEOS_DEPLOYMENT_TARGET = 10.3;
				MTL_ENABLE_DEBUG_INFO = NO;
				SDKROOT = iphoneos;
				SWIFT_OPTIMIZATION_LEVEL = "-Owholemodule";
				VALIDATE_PRODUCT = YES;
			};
			name = Release;
		};
		50009894239CF36F005AB2CC /* Debug */ = {
			isa = XCBuildConfiguration;
			buildSettings = {
				ASSETCATALOG_COMPILER_APPICON_NAME = AppIcon;
				INFOPLIST_FILE = BloodDonorDemo1/Info.plist;
				LD_RUNPATH_SEARCH_PATHS = "$(inherited) @executable_path/Frameworks";
				PRODUCT_BUNDLE_IDENTIFIER = com.mezan.BloodDonorDemo1;
				PRODUCT_NAME = "$(TARGET_NAME)";
				SWIFT_VERSION = 3.0;
			};
			name = Debug;
		};
		50009895239CF36F005AB2CC /* Release */ = {
			isa = XCBuildConfiguration;
			buildSettings = {
				ASSETCATALOG_COMPILER_APPICON_NAME = AppIcon;
				INFOPLIST_FILE = BloodDonorDemo1/Info.plist;
				LD_RUNPATH_SEARCH_PATHS = "$(inherited) @executable_path/Frameworks";
				PRODUCT_BUNDLE_IDENTIFIER = com.mezan.BloodDonorDemo1;
				PRODUCT_NAME = "$(TARGET_NAME)";
				SWIFT_VERSION = 3.0;
			};
			name = Release;
		};
/* End XCBuildConfiguration section */

/* Begin XCConfigurationList section */
		5000987C239CF36F005AB2CC /* Build configuration list for PBXProject "BloodDonorDemo1" */ = {
			isa = XCConfigurationList;
			buildConfigurations = (
				50009891239CF36F005AB2CC /* Debug */,
				50009892239CF36F005AB2CC /* Release */,
			);
			defaultConfigurationIsVisible = 0;
			defaultConfigurationName = Release;
		};
		50009893239CF36F005AB2CC /* Build configuration list for PBXNativeTarget "BloodDonorDemo1" */ = {
			isa = XCConfigurationList;
			buildConfigurations = (
				50009894239CF36F005AB2CC /* Debug */,
				50009895239CF36F005AB2CC /* Release */,
			);
			defaultConfigurationIsVisible = 0;
		};
/* End XCConfigurationList section */
	};
	rootObject = 50009879239CF36F005AB2CC /* Project object */;
}
